
Microsoft Visual Studio Solution File, Format Version 11.00
# Visual Studio 2010
Project("{FAE04EC0-301F-11D3-BF4B-00C04F79EFBC}") = "SQLitePCL_profile78", "SQLitePCL\profile78\SQLitePCL_profile78.csproj", "{E7F6AAE8-D264-49A2-8295-4E3B02B9BF0B}"
EndProject
Project("{FAE04EC0-301F-11D3-BF4B-00C04F79EFBC}") = "SQLitePCL.Ugly.profile78", "SQLitePCL.Ugly.profile78\SQLitePCL.Ugly.profile78.csproj", "{B3C430E9-2920-416C-808D-58D0BB94A836}"
EndProject
Project("{FAE04EC0-301F-11D3-BF4B-00C04F79EFBC}") = "SQLitePCL.Ext.iOS.preinstalled", "SQLitePCL.Ext.iOS.preinstalled\SQLitePCL.Ext.iOS.preinstalled.csproj", "{24768C1D-A0A7-4D96-B6DD-742E0425DB40}"
EndProject
Project("{FAE04EC0-301F-11D3-BF4B-00C04F79EFBC}") = "SQLitePCL.Ext.Android", "SQLitePCL.Ext.Android\SQLitePCL.Ext.Android.csproj", "{8A697E13-B0E1-47A8-8CDF-9AA7B2F7885C}"
EndProject
Project("{FAE04EC0-301F-11D3-BF4B-00C04F79EFBC}") = "sqlite-net", "sqlite-net\sqlite-net.csproj", "{9F5829DC-D2AE-4ED1-A2C2-C16A6E654F52}"
EndProject
Project("{FAE04EC0-301F-11D3-BF4B-00C04F79EFBC}") = "SQLitePCL.Test.XS.Android", "SQLitePCL.Test.XS.Android\SQLitePCL.Test.XS.Android.csproj", "{B535F20F-40B9-44F0-9C90-471FBA53EFED}"
EndProject
Project("{FAE04EC0-301F-11D3-BF4B-00C04F79EFBC}") = "SQLitePCL.Test.XS.iOS", "SQLitePCL.Test.XS.iOS\SQLitePCL.Test.XS.iOS.csproj", "{99ED63D9-FB89-402D-9755-8BF54A6ED2BB}"
EndProject
Project("{FAE04EC0-301F-11D3-BF4B-00C04F79EFBC}") = "SQLitePCL.Ext.iOS.other", "SQLitePCL.Ext.iOS.other\SQLitePCL.Ext.iOS.other.csproj", "{4458189C-918D-46D3-9D17-09208AFEE4BE}"
EndProject
Global
	GlobalSection(SolutionConfigurationPlatforms) = preSolution
		Debug|Any CPU = Debug|Any CPU
		Release|Any CPU = Release|Any CPU
		Debug|iPhoneSimulator = Debug|iPhoneSimulator
		Release|iPhoneSimulator = Release|iPhoneSimulator
		Debug|iPhone = Debug|iPhone
		Release|iPhone = Release|iPhone
		Ad-Hoc|iPhone = Ad-Hoc|iPhone
		AppStore|iPhone = AppStore|iPhone
	EndGlobalSection
	GlobalSection(ProjectConfigurationPlatforms) = postSolution
		{24768C1D-A0A7-4D96-B6DD-742E0425DB40}.Ad-Hoc|iPhone.ActiveCfg = Debug|Any CPU
		{24768C1D-A0A7-4D96-B6DD-742E0425DB40}.Ad-Hoc|iPhone.Build.0 = Debug|Any CPU
		{24768C1D-A0A7-4D96-B6DD-742E0425DB40}.AppStore|iPhone.ActiveCfg = Debug|Any CPU
		{24768C1D-A0A7-4D96-B6DD-742E0425DB40}.AppStore|iPhone.Build.0 = Debug|Any CPU
		{24768C1D-A0A7-4D96-B6DD-742E0425DB40}.Debug|Any CPU.ActiveCfg = Debug|Any CPU
		{24768C1D-A0A7-4D96-B6DD-742E0425DB40}.Debug|Any CPU.Build.0 = Debug|Any CPU
		{24768C1D-A0A7-4D96-B6DD-742E0425DB40}.Debug|iPhone.ActiveCfg = Debug|Any CPU
		{24768C1D-A0A7-4D96-B6DD-742E0425DB40}.Debug|iPhone.Build.0 = Debug|Any CPU
		{24768C1D-A0A7-4D96-B6DD-742E0425DB40}.Debug|iPhoneSimulator.ActiveCfg = Debug|Any CPU
		{24768C1D-A0A7-4D96-B6DD-742E0425DB40}.Debug|iPhoneSimulator.Build.0 = Debug|Any CPU
		{24768C1D-A0A7-4D96-B6DD-742E0425DB40}.Release|Any CPU.ActiveCfg = Release|Any CPU
		{24768C1D-A0A7-4D96-B6DD-742E0425DB40}.Release|Any CPU.Build.0 = Release|Any CPU
		{24768C1D-A0A7-4D96-B6DD-742E0425DB40}.Release|iPhone.ActiveCfg = Release|Any CPU
		{24768C1D-A0A7-4D96-B6DD-742E0425DB40}.Release|iPhone.Build.0 = Release|Any CPU
		{24768C1D-A0A7-4D96-B6DD-742E0425DB40}.Release|iPhoneSimulator.ActiveCfg = Release|Any CPU
		{24768C1D-A0A7-4D96-B6DD-742E0425DB40}.Release|iPhoneSimulator.Build.0 = Release|Any CPU
		{4458189C-918D-46D3-9D17-09208AFEE4BE}.Ad-Hoc|iPhone.ActiveCfg = Debug|Any CPU
		{4458189C-918D-46D3-9D17-09208AFEE4BE}.Ad-Hoc|iPhone.Build.0 = Debug|Any CPU
		{4458189C-918D-46D3-9D17-09208AFEE4BE}.AppStore|iPhone.ActiveCfg = Debug|Any CPU
		{4458189C-918D-46D3-9D17-09208AFEE4BE}.AppStore|iPhone.Build.0 = Debug|Any CPU
		{4458189C-918D-46D3-9D17-09208AFEE4BE}.Debug|Any CPU.ActiveCfg = Debug|Any CPU
		{4458189C-918D-46D3-9D17-09208AFEE4BE}.Debug|Any CPU.Build.0 = Debug|Any CPU
		{4458189C-918D-46D3-9D17-09208AFEE4BE}.Debug|iPhone.ActiveCfg = Debug|Any CPU
		{4458189C-918D-46D3-9D17-09208AFEE4BE}.Debug|iPhone.Build.0 = Debug|Any CPU
		{4458189C-918D-46D3-9D17-09208AFEE4BE}.Debug|iPhoneSimulator.ActiveCfg = Debug|Any CPU
		{4458189C-918D-46D3-9D17-09208AFEE4BE}.Debug|iPhoneSimulator.Build.0 = Debug|Any CPU
		{4458189C-918D-46D3-9D17-09208AFEE4BE}.Release|Any CPU.ActiveCfg = Release|Any CPU
		{4458189C-918D-46D3-9D17-09208AFEE4BE}.Release|Any CPU.Build.0 = Release|Any CPU
		{4458189C-918D-46D3-9D17-09208AFEE4BE}.Release|iPhone.ActiveCfg = Release|Any CPU
		{4458189C-918D-46D3-9D17-09208AFEE4BE}.Release|iPhone.Build.0 = Release|Any CPU
		{4458189C-918D-46D3-9D17-09208AFEE4BE}.Release|iPhoneSimulator.ActiveCfg = Release|Any CPU
		{4458189C-918D-46D3-9D17-09208AFEE4BE}.Release|iPhoneSimulator.Build.0 = Release|Any CPU
		{8A697E13-B0E1-47A8-8CDF-9AA7B2F7885C}.Ad-Hoc|iPhone.ActiveCfg = Debug|Any CPU
		{8A697E13-B0E1-47A8-8CDF-9AA7B2F7885C}.Ad-Hoc|iPhone.Build.0 = Debug|Any CPU
		{8A697E13-B0E1-47A8-8CDF-9AA7B2F7885C}.AppStore|iPhone.ActiveCfg = Debug|Any CPU
		{8A697E13-B0E1-47A8-8CDF-9AA7B2F7885C}.AppStore|iPhone.Build.0 = Debug|Any CPU
		{8A697E13-B0E1-47A8-8CDF-9AA7B2F7885C}.Debug|Any CPU.ActiveCfg = Debug|Any CPU
		{8A697E13-B0E1-47A8-8CDF-9AA7B2F7885C}.Debug|Any CPU.Build.0 = Debug|Any CPU
		{8A697E13-B0E1-47A8-8CDF-9AA7B2F7885C}.Debug|iPhone.ActiveCfg = Debug|Any CPU
		{8A697E13-B0E1-47A8-8CDF-9AA7B2F7885C}.Debug|iPhone.Build.0 = Debug|Any CPU
		{8A697E13-B0E1-47A8-8CDF-9AA7B2F7885C}.Debug|iPhoneSimulator.ActiveCfg = Debug|Any CPU
		{8A697E13-B0E1-47A8-8CDF-9AA7B2F7885C}.Debug|iPhoneSimulator.Build.0 = Debug|Any CPU
		{8A697E13-B0E1-47A8-8CDF-9AA7B2F7885C}.Release|Any CPU.ActiveCfg = Release|Any CPU
		{8A697E13-B0E1-47A8-8CDF-9AA7B2F7885C}.Release|Any CPU.Build.0 = Release|Any CPU
		{8A697E13-B0E1-47A8-8CDF-9AA7B2F7885C}.Release|iPhone.ActiveCfg = Release|Any CPU
		{8A697E13-B0E1-47A8-8CDF-9AA7B2F7885C}.Release|iPhone.Build.0 = Release|Any CPU
		{8A697E13-B0E1-47A8-8CDF-9AA7B2F7885C}.Release|iPhoneSimulator.ActiveCfg = Release|Any CPU
		{8A697E13-B0E1-47A8-8CDF-9AA7B2F7885C}.Release|iPhoneSimulator.Build.0 = Release|Any CPU
		{99ED63D9-FB89-402D-9755-8BF54A6ED2BB}.Ad-Hoc|iPhone.ActiveCfg = Ad-Hoc|iPhone
		{99ED63D9-FB89-402D-9755-8BF54A6ED2BB}.Ad-Hoc|iPhone.Build.0 = Ad-Hoc|iPhone
		{99ED63D9-FB89-402D-9755-8BF54A6ED2BB}.AppStore|iPhone.ActiveCfg = AppStore|iPhone
		{99ED63D9-FB89-402D-9755-8BF54A6ED2BB}.AppStore|iPhone.Build.0 = AppStore|iPhone
		{99ED63D9-FB89-402D-9755-8BF54A6ED2BB}.Debug|Any CPU.ActiveCfg = Debug|iPhoneSimulator
		{99ED63D9-FB89-402D-9755-8BF54A6ED2BB}.Debug|Any CPU.Build.0 = Debug|iPhoneSimulator
		{99ED63D9-FB89-402D-9755-8BF54A6ED2BB}.Debug|iPhone.ActiveCfg = Debug|iPhone
		{99ED63D9-FB89-402D-9755-8BF54A6ED2BB}.Debug|iPhone.Build.0 = Debug|iPhone
		{99ED63D9-FB89-402D-9755-8BF54A6ED2BB}.Debug|iPhoneSimulator.ActiveCfg = Debug|iPhoneSimulator
		{99ED63D9-FB89-402D-9755-8BF54A6ED2BB}.Debug|iPhoneSimulator.Build.0 = Debug|iPhoneSimulator
		{99ED63D9-FB89-402D-9755-8BF54A6ED2BB}.Release|Any CPU.ActiveCfg = Release|iPhoneSimulator
		{99ED63D9-FB89-402D-9755-8BF54A6ED2BB}.Release|Any CPU.Build.0 = Release|iPhoneSimulator
		{99ED63D9-FB89-402D-9755-8BF54A6ED2BB}.Release|iPhone.ActiveCfg = Release|iPhone
		{99ED63D9-FB89-402D-9755-8BF54A6ED2BB}.Release|iPhone.Build.0 = Release|iPhone
		{99ED63D9-FB89-402D-9755-8BF54A6ED2BB}.Release|iPhoneSimulator.ActiveCfg = Release|iPhoneSimulator
		{99ED63D9-FB89-402D-9755-8BF54A6ED2BB}.Release|iPhoneSimulator.Build.0 = Release|iPhoneSimulator
		{9F5829DC-D2AE-4ED1-A2C2-C16A6E654F52}.Ad-Hoc|iPhone.ActiveCfg = Debug|Any CPU
		{9F5829DC-D2AE-4ED1-A2C2-C16A6E654F52}.Ad-Hoc|iPhone.Build.0 = Debug|Any CPU
		{9F5829DC-D2AE-4ED1-A2C2-C16A6E654F52}.AppStore|iPhone.ActiveCfg = Debug|Any CPU
		{9F5829DC-D2AE-4ED1-A2C2-C16A6E654F52}.AppStore|iPhone.Build.0 = Debug|Any CPU
		{9F5829DC-D2AE-4ED1-A2C2-C16A6E654F52}.Debug|Any CPU.ActiveCfg = Debug|Any CPU
		{9F5829DC-D2AE-4ED1-A2C2-C16A6E654F52}.Debug|Any CPU.Build.0 = Debug|Any CPU
		{9F5829DC-D2AE-4ED1-A2C2-C16A6E654F52}.Debug|iPhone.ActiveCfg = Debug|Any CPU
		{9F5829DC-D2AE-4ED1-A2C2-C16A6E654F52}.Debug|iPhone.Build.0 = Debug|Any CPU
		{9F5829DC-D2AE-4ED1-A2C2-C16A6E654F52}.Debug|iPhoneSimulator.ActiveCfg = Debug|Any CPU
		{9F5829DC-D2AE-4ED1-A2C2-C16A6E654F52}.Debug|iPhoneSimulator.Build.0 = Debug|Any CPU
		{9F5829DC-D2AE-4ED1-A2C2-C16A6E654F52}.Release|Any CPU.ActiveCfg = Release|Any CPU
		{9F5829DC-D2AE-4ED1-A2C2-C16A6E654F52}.Release|Any CPU.Build.0 = Release|Any CPU
		{9F5829DC-D2AE-4ED1-A2C2-C16A6E654F52}.Release|iPhone.ActiveCfg = Release|Any CPU
		{9F5829DC-D2AE-4ED1-A2C2-C16A6E654F52}.Release|iPhone.Build.0 = Release|Any CPU
		{9F5829DC-D2AE-4ED1-A2C2-C16A6E654F52}.Release|iPhoneSimulator.ActiveCfg = Release|Any CPU
		{9F5829DC-D2AE-4ED1-A2C2-C16A6E654F52}.Release|iPhoneSimulator.Build.0 = Release|Any CPU
		{B3C430E9-2920-416C-808D-58D0BB94A836}.Ad-Hoc|iPhone.ActiveCfg = Debug|Any CPU
		{B3C430E9-2920-416C-808D-58D0BB94A836}.Ad-Hoc|iPhone.Build.0 = Debug|Any CPU
		{B3C430E9-2920-416C-808D-58D0BB94A836}.AppStore|iPhone.ActiveCfg = Debug|Any CPU
		{B3C430E9-2920-416C-808D-58D0BB94A836}.AppStore|iPhone.Build.0 = Debug|Any CPU
		{B3C430E9-2920-416C-808D-58D0BB94A836}.Debug|Any CPU.ActiveCfg = Debug|Any CPU
		{B3C430E9-2920-416C-808D-58D0BB94A836}.Debug|Any CPU.Build.0 = Debug|Any CPU
		{B3C430E9-2920-416C-808D-58D0BB94A836}.Debug|iPhone.ActiveCfg = Debug|Any CPU
		{B3C430E9-2920-416C-808D-58D0BB94A836}.Debug|iPhone.Build.0 = Debug|Any CPU
		{B3C430E9-2920-416C-808D-58D0BB94A836}.Debug|iPhoneSimulator.ActiveCfg = Debug|Any CPU
		{B3C430E9-2920-416C-808D-58D0BB94A836}.Debug|iPhoneSimulator.Build.0 = Debug|Any CPU
		{B3C430E9-2920-416C-808D-58D0BB94A836}.Release|Any CPU.ActiveCfg = Release|Any CPU
		{B3C430E9-2920-416C-808D-58D0BB94A836}.Release|Any CPU.Build.0 = Release|Any CPU
		{B3C430E9-2920-416C-808D-58D0BB94A836}.Release|iPhone.ActiveCfg = Release|Any CPU
		{B3C430E9-2920-416C-808D-58D0BB94A836}.Release|iPhone.Build.0 = Release|Any CPU
		{B3C430E9-2920-416C-808D-58D0BB94A836}.Release|iPhoneSimulator.ActiveCfg = Release|Any CPU
		{B3C430E9-2920-416C-808D-58D0BB94A836}.Release|iPhoneSimulator.Build.0 = Release|Any CPU
		{B535F20F-40B9-44F0-9C90-471FBA53EFED}.Ad-Hoc|iPhone.ActiveCfg = Debug|Any CPU
		{B535F20F-40B9-44F0-9C90-471FBA53EFED}.Ad-Hoc|iPhone.Build.0 = Debug|Any CPU
		{B535F20F-40B9-44F0-9C90-471FBA53EFED}.AppStore|iPhone.ActiveCfg = Debug|Any CPU
		{B535F20F-40B9-44F0-9C90-471FBA53EFED}.AppStore|iPhone.Build.0 = Debug|Any CPU
		{B535F20F-40B9-44F0-9C90-471FBA53EFED}.Debug|Any CPU.ActiveCfg = Debug|Any CPU
		{B535F20F-40B9-44F0-9C90-471FBA53EFED}.Debug|Any CPU.Build.0 = Debug|Any CPU
		{B535F20F-40B9-44F0-9C90-471FBA53EFED}.Debug|iPhone.ActiveCfg = Debug|Any CPU
		{B535F20F-40B9-44F0-9C90-471FBA53EFED}.Debug|iPhone.Build.0 = Debug|Any CPU
		{B535F20F-40B9-44F0-9C90-471FBA53EFED}.Debug|iPhoneSimulator.ActiveCfg = Debug|Any CPU
		{B535F20F-40B9-44F0-9C90-471FBA53EFED}.Debug|iPhoneSimulator.Build.0 = Debug|Any CPU
		{B535F20F-40B9-44F0-9C90-471FBA53EFED}.Release|Any CPU.ActiveCfg = Release|Any CPU
		{B535F20F-40B9-44F0-9C90-471FBA53EFED}.Release|Any CPU.Build.0 = Release|Any CPU
		{B535F20F-40B9-44F0-9C90-471FBA53EFED}.Release|iPhone.ActiveCfg = Release|Any CPU
		{B535F20F-40B9-44F0-9C90-471FBA53EFED}.Release|iPhone.Build.0 = Release|Any CPU
		{B535F20F-40B9-44F0-9C90-471FBA53EFED}.Release|iPhoneSimulator.ActiveCfg = Release|Any CPU
		{B535F20F-40B9-44F0-9C90-471FBA53EFED}.Release|iPhoneSimulator.Build.0 = Release|Any CPU
		{E7F6AAE8-D264-49A2-8295-4E3B02B9BF0B}.Ad-Hoc|iPhone.ActiveCfg = Debug|Any CPU
		{E7F6AAE8-D264-49A2-8295-4E3B02B9BF0B}.Ad-Hoc|iPhone.Build.0 = Debug|Any CPU
		{E7F6AAE8-D264-49A2-8295-4E3B02B9BF0B}.AppStore|iPhone.ActiveCfg = Debug|Any CPU
		{E7F6AAE8-D264-49A2-8295-4E3B02B9BF0B}.AppStore|iPhone.Build.0 = Debug|Any CPU
		{E7F6AAE8-D264-49A2-8295-4E3B02B9BF0B}.Debug|Any CPU.ActiveCfg = Debug|Any CPU
		{E7F6AAE8-D264-49A2-8295-4E3B02B9BF0B}.Debug|Any CPU.Build.0 = Debug|Any CPU
		{E7F6AAE8-D264-49A2-8295-4E3B02B9BF0B}.Debug|iPhone.ActiveCfg = Debug|Any CPU
		{E7F6AAE8-D264-49A2-8295-4E3B02B9BF0B}.Debug|iPhone.Build.0 = Debug|Any CPU
		{E7F6AAE8-D264-49A2-8295-4E3B02B9BF0B}.Debug|iPhoneSimulator.ActiveCfg = Debug|Any CPU
		{E7F6AAE8-D264-49A2-8295-4E3B02B9BF0B}.Debug|iPhoneSimulator.Build.0 = Debug|Any CPU
		{E7F6AAE8-D264-49A2-8295-4E3B02B9BF0B}.Release|Any CPU.ActiveCfg = Release|Any CPU
		{E7F6AAE8-D264-49A2-8295-4E3B02B9BF0B}.Release|Any CPU.Build.0 = Release|Any CPU
		{E7F6AAE8-D264-49A2-8295-4E3B02B9BF0B}.Release|iPhone.ActiveCfg = Release|Any CPU
		{E7F6AAE8-D264-49A2-8295-4E3B02B9BF0B}.Release|iPhone.Build.0 = Release|Any CPU
		{E7F6AAE8-D264-49A2-8295-4E3B02B9BF0B}.Release|iPhoneSimulator.ActiveCfg = Release|Any CPU
		{E7F6AAE8-D264-49A2-8295-4E3B02B9BF0B}.Release|iPhoneSimulator.Build.0 = Release|Any CPU
	EndGlobalSection
	GlobalSection(MonoDevelopProperties) = preSolution
		StartupItem = SQLitePCL\profile78\SQLitePCL_profile78.csproj
	EndGlobalSection
EndGlobal
