
Microsoft Visual Studio Solution File, Format Version 12.00
# Visual Studio 14
VisualStudioVersion = 14.0.25420.1
MinimumVisualStudioVersion = 10.0.40219.1
Project("{FAE04EC0-301F-11D3-BF4B-00C04F79EFBC}") = "Tests.Android", "Tests.Android\Tests.Android.csproj", "{649AD3B6-2924-43DC-846C-B7E3CE860AFE}"
EndProject
Project("{FAE04EC0-301F-11D3-BF4B-00C04F79EFBC}") = "Tests.WP81", "Tests.WP81\Tests.WP81.csproj", "{F7DA7115-BF70-4F88-AA50-D5658F5B1555}"
EndProject
Project("{FAE04EC0-301F-11D3-BF4B-00C04F79EFBC}") = "Tests.UWP10", "Tests.UWP10\Tests.UWP10.csproj", "{9F6FA8C0-AF1F-423C-AEBB-6B211E44771E}"
EndProject
Global
	GlobalSection(SolutionConfigurationPlatforms) = preSolution
		Debug|Any CPU = Debug|Any CPU
		Debug|ARM = Debug|ARM
		Debug|x64 = Debug|x64
		Debug|x86 = Debug|x86
		Release|Any CPU = Release|Any CPU
		Release|ARM = Release|ARM
		Release|x64 = Release|x64
		Release|x86 = Release|x86
	EndGlobalSection
	GlobalSection(ProjectConfigurationPlatforms) = postSolution
		{649AD3B6-2924-43DC-846C-B7E3CE860AFE}.Debug|Any CPU.ActiveCfg = Debug|Any CPU
		{649AD3B6-2924-43DC-846C-B7E3CE860AFE}.Debug|Any CPU.Build.0 = Debug|Any CPU
		{649AD3B6-2924-43DC-846C-B7E3CE860AFE}.Debug|Any CPU.Deploy.0 = Debug|Any CPU
		{649AD3B6-2924-43DC-846C-B7E3CE860AFE}.Debug|ARM.ActiveCfg = Debug|Any CPU
		{649AD3B6-2924-43DC-846C-B7E3CE860AFE}.Debug|ARM.Build.0 = Debug|Any CPU
		{649AD3B6-2924-43DC-846C-B7E3CE860AFE}.Debug|ARM.Deploy.0 = Debug|Any CPU
		{649AD3B6-2924-43DC-846C-B7E3CE860AFE}.Debug|x64.ActiveCfg = Debug|Any CPU
		{649AD3B6-2924-43DC-846C-B7E3CE860AFE}.Debug|x64.Build.0 = Debug|Any CPU
		{649AD3B6-2924-43DC-846C-B7E3CE860AFE}.Debug|x64.Deploy.0 = Debug|Any CPU
		{649AD3B6-2924-43DC-846C-B7E3CE860AFE}.Debug|x86.ActiveCfg = Debug|Any CPU
		{649AD3B6-2924-43DC-846C-B7E3CE860AFE}.Debug|x86.Build.0 = Debug|Any CPU
		{649AD3B6-2924-43DC-846C-B7E3CE860AFE}.Debug|x86.Deploy.0 = Debug|Any CPU
		{649AD3B6-2924-43DC-846C-B7E3CE860AFE}.Release|Any CPU.ActiveCfg = Release|Any CPU
		{649AD3B6-2924-43DC-846C-B7E3CE860AFE}.Release|Any CPU.Build.0 = Release|Any CPU
		{649AD3B6-2924-43DC-846C-B7E3CE860AFE}.Release|Any CPU.Deploy.0 = Release|Any CPU
		{649AD3B6-2924-43DC-846C-B7E3CE860AFE}.Release|ARM.ActiveCfg = Release|Any CPU
		{649AD3B6-2924-43DC-846C-B7E3CE860AFE}.Release|ARM.Build.0 = Release|Any CPU
		{649AD3B6-2924-43DC-846C-B7E3CE860AFE}.Release|ARM.Deploy.0 = Release|Any CPU
		{649AD3B6-2924-43DC-846C-B7E3CE860AFE}.Release|x64.ActiveCfg = Release|Any CPU
		{649AD3B6-2924-43DC-846C-B7E3CE860AFE}.Release|x64.Build.0 = Release|Any CPU
		{649AD3B6-2924-43DC-846C-B7E3CE860AFE}.Release|x64.Deploy.0 = Release|Any CPU
		{649AD3B6-2924-43DC-846C-B7E3CE860AFE}.Release|x86.ActiveCfg = Release|Any CPU
		{649AD3B6-2924-43DC-846C-B7E3CE860AFE}.Release|x86.Build.0 = Release|Any CPU
		{649AD3B6-2924-43DC-846C-B7E3CE860AFE}.Release|x86.Deploy.0 = Release|Any CPU
		{F7DA7115-BF70-4F88-AA50-D5658F5B1555}.Debug|Any CPU.ActiveCfg = Debug|Any CPU
		{F7DA7115-BF70-4F88-AA50-D5658F5B1555}.Debug|Any CPU.Build.0 = Debug|Any CPU
		{F7DA7115-BF70-4F88-AA50-D5658F5B1555}.Debug|Any CPU.Deploy.0 = Debug|Any CPU
		{F7DA7115-BF70-4F88-AA50-D5658F5B1555}.Debug|ARM.ActiveCfg = Debug|ARM
		{F7DA7115-BF70-4F88-AA50-D5658F5B1555}.Debug|ARM.Build.0 = Debug|ARM
		{F7DA7115-BF70-4F88-AA50-D5658F5B1555}.Debug|ARM.Deploy.0 = Debug|ARM
		{F7DA7115-BF70-4F88-AA50-D5658F5B1555}.Debug|x64.ActiveCfg = Debug|Any CPU
		{F7DA7115-BF70-4F88-AA50-D5658F5B1555}.Debug|x64.Build.0 = Debug|Any CPU
		{F7DA7115-BF70-4F88-AA50-D5658F5B1555}.Debug|x64.Deploy.0 = Debug|Any CPU
		{F7DA7115-BF70-4F88-AA50-D5658F5B1555}.Debug|x86.ActiveCfg = Debug|x86
		{F7DA7115-BF70-4F88-AA50-D5658F5B1555}.Debug|x86.Build.0 = Debug|x86
		{F7DA7115-BF70-4F88-AA50-D5658F5B1555}.Debug|x86.Deploy.0 = Debug|x86
		{F7DA7115-BF70-4F88-AA50-D5658F5B1555}.Release|Any CPU.ActiveCfg = Release|x86
		{F7DA7115-BF70-4F88-AA50-D5658F5B1555}.Release|Any CPU.Build.0 = Release|x86
		{F7DA7115-BF70-4F88-AA50-D5658F5B1555}.Release|Any CPU.Deploy.0 = Release|x86
		{F7DA7115-BF70-4F88-AA50-D5658F5B1555}.Release|ARM.ActiveCfg = Release|ARM
		{F7DA7115-BF70-4F88-AA50-D5658F5B1555}.Release|ARM.Build.0 = Release|ARM
		{F7DA7115-BF70-4F88-AA50-D5658F5B1555}.Release|ARM.Deploy.0 = Release|ARM
		{F7DA7115-BF70-4F88-AA50-D5658F5B1555}.Release|x64.ActiveCfg = Release|Any CPU
		{F7DA7115-BF70-4F88-AA50-D5658F5B1555}.Release|x64.Build.0 = Release|Any CPU
		{F7DA7115-BF70-4F88-AA50-D5658F5B1555}.Release|x64.Deploy.0 = Release|Any CPU
		{F7DA7115-BF70-4F88-AA50-D5658F5B1555}.Release|x86.ActiveCfg = Release|x86
		{F7DA7115-BF70-4F88-AA50-D5658F5B1555}.Release|x86.Build.0 = Release|x86
		{F7DA7115-BF70-4F88-AA50-D5658F5B1555}.Release|x86.Deploy.0 = Release|x86
		{9F6FA8C0-AF1F-423C-AEBB-6B211E44771E}.Debug|Any CPU.ActiveCfg = Debug|x86
		{9F6FA8C0-AF1F-423C-AEBB-6B211E44771E}.Debug|ARM.ActiveCfg = Debug|ARM
		{9F6FA8C0-AF1F-423C-AEBB-6B211E44771E}.Debug|ARM.Build.0 = Debug|ARM
		{9F6FA8C0-AF1F-423C-AEBB-6B211E44771E}.Debug|ARM.Deploy.0 = Debug|ARM
		{9F6FA8C0-AF1F-423C-AEBB-6B211E44771E}.Debug|x64.ActiveCfg = Debug|x64
		{9F6FA8C0-AF1F-423C-AEBB-6B211E44771E}.Debug|x64.Build.0 = Debug|x64
		{9F6FA8C0-AF1F-423C-AEBB-6B211E44771E}.Debug|x64.Deploy.0 = Debug|x64
		{9F6FA8C0-AF1F-423C-AEBB-6B211E44771E}.Debug|x86.ActiveCfg = Debug|x86
		{9F6FA8C0-AF1F-423C-AEBB-6B211E44771E}.Debug|x86.Build.0 = Debug|x86
		{9F6FA8C0-AF1F-423C-AEBB-6B211E44771E}.Debug|x86.Deploy.0 = Debug|x86
		{9F6FA8C0-AF1F-423C-AEBB-6B211E44771E}.Release|Any CPU.ActiveCfg = Release|x86
		{9F6FA8C0-AF1F-423C-AEBB-6B211E44771E}.Release|Any CPU.Build.0 = Release|x86
		{9F6FA8C0-AF1F-423C-AEBB-6B211E44771E}.Release|Any CPU.Deploy.0 = Release|x86
		{9F6FA8C0-AF1F-423C-AEBB-6B211E44771E}.Release|ARM.ActiveCfg = Release|ARM
		{9F6FA8C0-AF1F-423C-AEBB-6B211E44771E}.Release|ARM.Build.0 = Release|ARM
		{9F6FA8C0-AF1F-423C-AEBB-6B211E44771E}.Release|ARM.Deploy.0 = Release|ARM
		{9F6FA8C0-AF1F-423C-AEBB-6B211E44771E}.Release|x64.ActiveCfg = Release|x64
		{9F6FA8C0-AF1F-423C-AEBB-6B211E44771E}.Release|x64.Build.0 = Release|x64
		{9F6FA8C0-AF1F-423C-AEBB-6B211E44771E}.Release|x64.Deploy.0 = Release|x64
		{9F6FA8C0-AF1F-423C-AEBB-6B211E44771E}.Release|x86.ActiveCfg = Release|x86
		{9F6FA8C0-AF1F-423C-AEBB-6B211E44771E}.Release|x86.Build.0 = Release|x86
		{9F6FA8C0-AF1F-423C-AEBB-6B211E44771E}.Release|x86.Deploy.0 = Release|x86
	EndGlobalSection
	GlobalSection(SolutionProperties) = preSolution
		HideSolutionNode = FALSE
	EndGlobalSection
EndGlobal
