
Microsoft Visual Studio Solution File, Format Version 12.00
# Visual Studio 14
VisualStudioVersion = 14.0.25420.1
MinimumVisualStudioVersion = 10.0.40219.1
Project("{FAE04EC0-301F-11D3-BF4B-00C04F79EFBC}") = "Tests.Android", "Tests.Android\Tests.Android.csproj", "{649AD3B6-2924-43DC-846C-B7E3CE860AFE}"
EndProject
Project("{FAE04EC0-301F-11D3-BF4B-00C04F79EFBC}") = "Tests.WP81", "Tests.WP81\Tests.WP81.csproj", "{F7DA7115-BF70-4F88-AA50-D5658F5B1555}"
EndProject
Project("{FAE04EC0-301F-11D3-BF4B-00C04F79EFBC}") = "Tests.UWP10", "Tests.UWP10\Tests.UWP10.csproj", "{9F6FA8C0-AF1F-423C-AEBB-6B211E44771E}"
EndProject
Project("{FAE04EC0-301F-11D3-BF4B-00C04F79EFBC}") = "Tests.iOS", "Tests.iOS\Tests.iOS.csproj", "{35EAF518-E4DA-48A1-9681-6C52E7B3CF61}"
EndProject
Project("{FAE04EC0-301F-11D3-BF4B-00C04F79EFBC}") = "Tests.WP80", "Tests.WP80\Tests.WP80.csproj", "{4A5B8A62-9110-42B3-8996-DF181B102D7B}"
EndProject
Global
	GlobalSection(SolutionConfigurationPlatforms) = preSolution
		Ad-Hoc|Any CPU = Ad-Hoc|Any CPU
		Ad-Hoc|ARM = Ad-Hoc|ARM
		Ad-Hoc|iPhone = Ad-Hoc|iPhone
		Ad-Hoc|iPhoneSimulator = Ad-Hoc|iPhoneSimulator
		Ad-Hoc|x64 = Ad-Hoc|x64
		Ad-Hoc|x86 = Ad-Hoc|x86
		AppStore|Any CPU = AppStore|Any CPU
		AppStore|ARM = AppStore|ARM
		AppStore|iPhone = AppStore|iPhone
		AppStore|iPhoneSimulator = AppStore|iPhoneSimulator
		AppStore|x64 = AppStore|x64
		AppStore|x86 = AppStore|x86
		Debug|Any CPU = Debug|Any CPU
		Debug|ARM = Debug|ARM
		Debug|iPhone = Debug|iPhone
		Debug|iPhoneSimulator = Debug|iPhoneSimulator
		Debug|x64 = Debug|x64
		Debug|x86 = Debug|x86
		Release|Any CPU = Release|Any CPU
		Release|ARM = Release|ARM
		Release|iPhone = Release|iPhone
		Release|iPhoneSimulator = Release|iPhoneSimulator
		Release|x64 = Release|x64
		Release|x86 = Release|x86
	EndGlobalSection
	GlobalSection(ProjectConfigurationPlatforms) = postSolution
		{649AD3B6-2924-43DC-846C-B7E3CE860AFE}.Ad-Hoc|Any CPU.ActiveCfg = Release|Any CPU
		{649AD3B6-2924-43DC-846C-B7E3CE860AFE}.Ad-Hoc|Any CPU.Build.0 = Release|Any CPU
		{649AD3B6-2924-43DC-846C-B7E3CE860AFE}.Ad-Hoc|Any CPU.Deploy.0 = Release|Any CPU
		{649AD3B6-2924-43DC-846C-B7E3CE860AFE}.Ad-Hoc|ARM.ActiveCfg = Release|Any CPU
		{649AD3B6-2924-43DC-846C-B7E3CE860AFE}.Ad-Hoc|ARM.Build.0 = Release|Any CPU
		{649AD3B6-2924-43DC-846C-B7E3CE860AFE}.Ad-Hoc|ARM.Deploy.0 = Release|Any CPU
		{649AD3B6-2924-43DC-846C-B7E3CE860AFE}.Ad-Hoc|iPhone.ActiveCfg = Release|Any CPU
		{649AD3B6-2924-43DC-846C-B7E3CE860AFE}.Ad-Hoc|iPhone.Build.0 = Release|Any CPU
		{649AD3B6-2924-43DC-846C-B7E3CE860AFE}.Ad-Hoc|iPhone.Deploy.0 = Release|Any CPU
		{649AD3B6-2924-43DC-846C-B7E3CE860AFE}.Ad-Hoc|iPhoneSimulator.ActiveCfg = Release|Any CPU
		{649AD3B6-2924-43DC-846C-B7E3CE860AFE}.Ad-Hoc|iPhoneSimulator.Build.0 = Release|Any CPU
		{649AD3B6-2924-43DC-846C-B7E3CE860AFE}.Ad-Hoc|iPhoneSimulator.Deploy.0 = Release|Any CPU
		{649AD3B6-2924-43DC-846C-B7E3CE860AFE}.Ad-Hoc|x64.ActiveCfg = Release|Any CPU
		{649AD3B6-2924-43DC-846C-B7E3CE860AFE}.Ad-Hoc|x64.Build.0 = Release|Any CPU
		{649AD3B6-2924-43DC-846C-B7E3CE860AFE}.Ad-Hoc|x64.Deploy.0 = Release|Any CPU
		{649AD3B6-2924-43DC-846C-B7E3CE860AFE}.Ad-Hoc|x86.ActiveCfg = Release|Any CPU
		{649AD3B6-2924-43DC-846C-B7E3CE860AFE}.Ad-Hoc|x86.Build.0 = Release|Any CPU
		{649AD3B6-2924-43DC-846C-B7E3CE860AFE}.Ad-Hoc|x86.Deploy.0 = Release|Any CPU
		{649AD3B6-2924-43DC-846C-B7E3CE860AFE}.AppStore|Any CPU.ActiveCfg = Release|Any CPU
		{649AD3B6-2924-43DC-846C-B7E3CE860AFE}.AppStore|Any CPU.Build.0 = Release|Any CPU
		{649AD3B6-2924-43DC-846C-B7E3CE860AFE}.AppStore|Any CPU.Deploy.0 = Release|Any CPU
		{649AD3B6-2924-43DC-846C-B7E3CE860AFE}.AppStore|ARM.ActiveCfg = Release|Any CPU
		{649AD3B6-2924-43DC-846C-B7E3CE860AFE}.AppStore|ARM.Build.0 = Release|Any CPU
		{649AD3B6-2924-43DC-846C-B7E3CE860AFE}.AppStore|ARM.Deploy.0 = Release|Any CPU
		{649AD3B6-2924-43DC-846C-B7E3CE860AFE}.AppStore|iPhone.ActiveCfg = Release|Any CPU
		{649AD3B6-2924-43DC-846C-B7E3CE860AFE}.AppStore|iPhone.Build.0 = Release|Any CPU
		{649AD3B6-2924-43DC-846C-B7E3CE860AFE}.AppStore|iPhone.Deploy.0 = Release|Any CPU
		{649AD3B6-2924-43DC-846C-B7E3CE860AFE}.AppStore|iPhoneSimulator.ActiveCfg = Release|Any CPU
		{649AD3B6-2924-43DC-846C-B7E3CE860AFE}.AppStore|iPhoneSimulator.Build.0 = Release|Any CPU
		{649AD3B6-2924-43DC-846C-B7E3CE860AFE}.AppStore|iPhoneSimulator.Deploy.0 = Release|Any CPU
		{649AD3B6-2924-43DC-846C-B7E3CE860AFE}.AppStore|x64.ActiveCfg = Release|Any CPU
		{649AD3B6-2924-43DC-846C-B7E3CE860AFE}.AppStore|x64.Build.0 = Release|Any CPU
		{649AD3B6-2924-43DC-846C-B7E3CE860AFE}.AppStore|x64.Deploy.0 = Release|Any CPU
		{649AD3B6-2924-43DC-846C-B7E3CE860AFE}.AppStore|x86.ActiveCfg = Release|Any CPU
		{649AD3B6-2924-43DC-846C-B7E3CE860AFE}.AppStore|x86.Build.0 = Release|Any CPU
		{649AD3B6-2924-43DC-846C-B7E3CE860AFE}.AppStore|x86.Deploy.0 = Release|Any CPU
		{649AD3B6-2924-43DC-846C-B7E3CE860AFE}.Debug|Any CPU.ActiveCfg = Debug|Any CPU
		{649AD3B6-2924-43DC-846C-B7E3CE860AFE}.Debug|Any CPU.Build.0 = Debug|Any CPU
		{649AD3B6-2924-43DC-846C-B7E3CE860AFE}.Debug|Any CPU.Deploy.0 = Debug|Any CPU
		{649AD3B6-2924-43DC-846C-B7E3CE860AFE}.Debug|ARM.ActiveCfg = Debug|Any CPU
		{649AD3B6-2924-43DC-846C-B7E3CE860AFE}.Debug|ARM.Build.0 = Debug|Any CPU
		{649AD3B6-2924-43DC-846C-B7E3CE860AFE}.Debug|ARM.Deploy.0 = Debug|Any CPU
		{649AD3B6-2924-43DC-846C-B7E3CE860AFE}.Debug|iPhone.ActiveCfg = Debug|Any CPU
		{649AD3B6-2924-43DC-846C-B7E3CE860AFE}.Debug|iPhone.Build.0 = Debug|Any CPU
		{649AD3B6-2924-43DC-846C-B7E3CE860AFE}.Debug|iPhone.Deploy.0 = Debug|Any CPU
		{649AD3B6-2924-43DC-846C-B7E3CE860AFE}.Debug|iPhoneSimulator.ActiveCfg = Debug|Any CPU
		{649AD3B6-2924-43DC-846C-B7E3CE860AFE}.Debug|iPhoneSimulator.Build.0 = Debug|Any CPU
		{649AD3B6-2924-43DC-846C-B7E3CE860AFE}.Debug|iPhoneSimulator.Deploy.0 = Debug|Any CPU
		{649AD3B6-2924-43DC-846C-B7E3CE860AFE}.Debug|x64.ActiveCfg = Debug|Any CPU
		{649AD3B6-2924-43DC-846C-B7E3CE860AFE}.Debug|x64.Build.0 = Debug|Any CPU
		{649AD3B6-2924-43DC-846C-B7E3CE860AFE}.Debug|x64.Deploy.0 = Debug|Any CPU
		{649AD3B6-2924-43DC-846C-B7E3CE860AFE}.Debug|x86.ActiveCfg = Debug|Any CPU
		{649AD3B6-2924-43DC-846C-B7E3CE860AFE}.Debug|x86.Build.0 = Debug|Any CPU
		{649AD3B6-2924-43DC-846C-B7E3CE860AFE}.Debug|x86.Deploy.0 = Debug|Any CPU
		{649AD3B6-2924-43DC-846C-B7E3CE860AFE}.Release|Any CPU.ActiveCfg = Release|Any CPU
		{649AD3B6-2924-43DC-846C-B7E3CE860AFE}.Release|Any CPU.Build.0 = Release|Any CPU
		{649AD3B6-2924-43DC-846C-B7E3CE860AFE}.Release|Any CPU.Deploy.0 = Release|Any CPU
		{649AD3B6-2924-43DC-846C-B7E3CE860AFE}.Release|ARM.ActiveCfg = Release|Any CPU
		{649AD3B6-2924-43DC-846C-B7E3CE860AFE}.Release|ARM.Build.0 = Release|Any CPU
		{649AD3B6-2924-43DC-846C-B7E3CE860AFE}.Release|ARM.Deploy.0 = Release|Any CPU
		{649AD3B6-2924-43DC-846C-B7E3CE860AFE}.Release|iPhone.ActiveCfg = Release|Any CPU
		{649AD3B6-2924-43DC-846C-B7E3CE860AFE}.Release|iPhone.Build.0 = Release|Any CPU
		{649AD3B6-2924-43DC-846C-B7E3CE860AFE}.Release|iPhone.Deploy.0 = Release|Any CPU
		{649AD3B6-2924-43DC-846C-B7E3CE860AFE}.Release|iPhoneSimulator.ActiveCfg = Release|Any CPU
		{649AD3B6-2924-43DC-846C-B7E3CE860AFE}.Release|iPhoneSimulator.Build.0 = Release|Any CPU
		{649AD3B6-2924-43DC-846C-B7E3CE860AFE}.Release|iPhoneSimulator.Deploy.0 = Release|Any CPU
		{649AD3B6-2924-43DC-846C-B7E3CE860AFE}.Release|x64.ActiveCfg = Release|Any CPU
		{649AD3B6-2924-43DC-846C-B7E3CE860AFE}.Release|x64.Build.0 = Release|Any CPU
		{649AD3B6-2924-43DC-846C-B7E3CE860AFE}.Release|x64.Deploy.0 = Release|Any CPU
		{649AD3B6-2924-43DC-846C-B7E3CE860AFE}.Release|x86.ActiveCfg = Release|Any CPU
		{649AD3B6-2924-43DC-846C-B7E3CE860AFE}.Release|x86.Build.0 = Release|Any CPU
		{649AD3B6-2924-43DC-846C-B7E3CE860AFE}.Release|x86.Deploy.0 = Release|Any CPU
		{F7DA7115-BF70-4F88-AA50-D5658F5B1555}.Ad-Hoc|Any CPU.ActiveCfg = Release|Any CPU
		{F7DA7115-BF70-4F88-AA50-D5658F5B1555}.Ad-Hoc|Any CPU.Build.0 = Release|Any CPU
		{F7DA7115-BF70-4F88-AA50-D5658F5B1555}.Ad-Hoc|Any CPU.Deploy.0 = Release|Any CPU
		{F7DA7115-BF70-4F88-AA50-D5658F5B1555}.Ad-Hoc|ARM.ActiveCfg = Release|ARM
		{F7DA7115-BF70-4F88-AA50-D5658F5B1555}.Ad-Hoc|ARM.Build.0 = Release|ARM
		{F7DA7115-BF70-4F88-AA50-D5658F5B1555}.Ad-Hoc|ARM.Deploy.0 = Release|ARM
		{F7DA7115-BF70-4F88-AA50-D5658F5B1555}.Ad-Hoc|iPhone.ActiveCfg = Release|Any CPU
		{F7DA7115-BF70-4F88-AA50-D5658F5B1555}.Ad-Hoc|iPhone.Build.0 = Release|Any CPU
		{F7DA7115-BF70-4F88-AA50-D5658F5B1555}.Ad-Hoc|iPhone.Deploy.0 = Release|Any CPU
		{F7DA7115-BF70-4F88-AA50-D5658F5B1555}.Ad-Hoc|iPhoneSimulator.ActiveCfg = Release|Any CPU
		{F7DA7115-BF70-4F88-AA50-D5658F5B1555}.Ad-Hoc|iPhoneSimulator.Build.0 = Release|Any CPU
		{F7DA7115-BF70-4F88-AA50-D5658F5B1555}.Ad-Hoc|iPhoneSimulator.Deploy.0 = Release|Any CPU
		{F7DA7115-BF70-4F88-AA50-D5658F5B1555}.Ad-Hoc|x64.ActiveCfg = Release|Any CPU
		{F7DA7115-BF70-4F88-AA50-D5658F5B1555}.Ad-Hoc|x64.Build.0 = Release|Any CPU
		{F7DA7115-BF70-4F88-AA50-D5658F5B1555}.Ad-Hoc|x64.Deploy.0 = Release|Any CPU
		{F7DA7115-BF70-4F88-AA50-D5658F5B1555}.Ad-Hoc|x86.ActiveCfg = Release|x86
		{F7DA7115-BF70-4F88-AA50-D5658F5B1555}.Ad-Hoc|x86.Build.0 = Release|x86
		{F7DA7115-BF70-4F88-AA50-D5658F5B1555}.Ad-Hoc|x86.Deploy.0 = Release|x86
		{F7DA7115-BF70-4F88-AA50-D5658F5B1555}.AppStore|Any CPU.ActiveCfg = Release|Any CPU
		{F7DA7115-BF70-4F88-AA50-D5658F5B1555}.AppStore|Any CPU.Build.0 = Release|Any CPU
		{F7DA7115-BF70-4F88-AA50-D5658F5B1555}.AppStore|Any CPU.Deploy.0 = Release|Any CPU
		{F7DA7115-BF70-4F88-AA50-D5658F5B1555}.AppStore|ARM.ActiveCfg = Release|ARM
		{F7DA7115-BF70-4F88-AA50-D5658F5B1555}.AppStore|ARM.Build.0 = Release|ARM
		{F7DA7115-BF70-4F88-AA50-D5658F5B1555}.AppStore|ARM.Deploy.0 = Release|ARM
		{F7DA7115-BF70-4F88-AA50-D5658F5B1555}.AppStore|iPhone.ActiveCfg = Release|Any CPU
		{F7DA7115-BF70-4F88-AA50-D5658F5B1555}.AppStore|iPhone.Build.0 = Release|Any CPU
		{F7DA7115-BF70-4F88-AA50-D5658F5B1555}.AppStore|iPhone.Deploy.0 = Release|Any CPU
		{F7DA7115-BF70-4F88-AA50-D5658F5B1555}.AppStore|iPhoneSimulator.ActiveCfg = Release|Any CPU
		{F7DA7115-BF70-4F88-AA50-D5658F5B1555}.AppStore|iPhoneSimulator.Build.0 = Release|Any CPU
		{F7DA7115-BF70-4F88-AA50-D5658F5B1555}.AppStore|iPhoneSimulator.Deploy.0 = Release|Any CPU
		{F7DA7115-BF70-4F88-AA50-D5658F5B1555}.AppStore|x64.ActiveCfg = Release|Any CPU
		{F7DA7115-BF70-4F88-AA50-D5658F5B1555}.AppStore|x64.Build.0 = Release|Any CPU
		{F7DA7115-BF70-4F88-AA50-D5658F5B1555}.AppStore|x64.Deploy.0 = Release|Any CPU
		{F7DA7115-BF70-4F88-AA50-D5658F5B1555}.AppStore|x86.ActiveCfg = Release|x86
		{F7DA7115-BF70-4F88-AA50-D5658F5B1555}.AppStore|x86.Build.0 = Release|x86
		{F7DA7115-BF70-4F88-AA50-D5658F5B1555}.AppStore|x86.Deploy.0 = Release|x86
		{F7DA7115-BF70-4F88-AA50-D5658F5B1555}.Debug|Any CPU.ActiveCfg = Debug|Any CPU
		{F7DA7115-BF70-4F88-AA50-D5658F5B1555}.Debug|Any CPU.Build.0 = Debug|Any CPU
		{F7DA7115-BF70-4F88-AA50-D5658F5B1555}.Debug|Any CPU.Deploy.0 = Debug|Any CPU
		{F7DA7115-BF70-4F88-AA50-D5658F5B1555}.Debug|ARM.ActiveCfg = Debug|ARM
		{F7DA7115-BF70-4F88-AA50-D5658F5B1555}.Debug|ARM.Build.0 = Debug|ARM
		{F7DA7115-BF70-4F88-AA50-D5658F5B1555}.Debug|ARM.Deploy.0 = Debug|ARM
		{F7DA7115-BF70-4F88-AA50-D5658F5B1555}.Debug|iPhone.ActiveCfg = Debug|Any CPU
		{F7DA7115-BF70-4F88-AA50-D5658F5B1555}.Debug|iPhone.Build.0 = Debug|Any CPU
		{F7DA7115-BF70-4F88-AA50-D5658F5B1555}.Debug|iPhone.Deploy.0 = Debug|Any CPU
		{F7DA7115-BF70-4F88-AA50-D5658F5B1555}.Debug|iPhoneSimulator.ActiveCfg = Debug|Any CPU
		{F7DA7115-BF70-4F88-AA50-D5658F5B1555}.Debug|iPhoneSimulator.Build.0 = Debug|Any CPU
		{F7DA7115-BF70-4F88-AA50-D5658F5B1555}.Debug|iPhoneSimulator.Deploy.0 = Debug|Any CPU
		{F7DA7115-BF70-4F88-AA50-D5658F5B1555}.Debug|x64.ActiveCfg = Debug|Any CPU
		{F7DA7115-BF70-4F88-AA50-D5658F5B1555}.Debug|x64.Build.0 = Debug|Any CPU
		{F7DA7115-BF70-4F88-AA50-D5658F5B1555}.Debug|x64.Deploy.0 = Debug|Any CPU
		{F7DA7115-BF70-4F88-AA50-D5658F5B1555}.Debug|x86.ActiveCfg = Debug|x86
		{F7DA7115-BF70-4F88-AA50-D5658F5B1555}.Debug|x86.Build.0 = Debug|x86
		{F7DA7115-BF70-4F88-AA50-D5658F5B1555}.Debug|x86.Deploy.0 = Debug|x86
		{F7DA7115-BF70-4F88-AA50-D5658F5B1555}.Release|Any CPU.ActiveCfg = Release|x86
		{F7DA7115-BF70-4F88-AA50-D5658F5B1555}.Release|Any CPU.Build.0 = Release|x86
		{F7DA7115-BF70-4F88-AA50-D5658F5B1555}.Release|Any CPU.Deploy.0 = Release|x86
		{F7DA7115-BF70-4F88-AA50-D5658F5B1555}.Release|ARM.ActiveCfg = Release|ARM
		{F7DA7115-BF70-4F88-AA50-D5658F5B1555}.Release|ARM.Build.0 = Release|ARM
		{F7DA7115-BF70-4F88-AA50-D5658F5B1555}.Release|ARM.Deploy.0 = Release|ARM
		{F7DA7115-BF70-4F88-AA50-D5658F5B1555}.Release|iPhone.ActiveCfg = Release|Any CPU
		{F7DA7115-BF70-4F88-AA50-D5658F5B1555}.Release|iPhone.Build.0 = Release|Any CPU
		{F7DA7115-BF70-4F88-AA50-D5658F5B1555}.Release|iPhone.Deploy.0 = Release|Any CPU
		{F7DA7115-BF70-4F88-AA50-D5658F5B1555}.Release|iPhoneSimulator.ActiveCfg = Release|Any CPU
		{F7DA7115-BF70-4F88-AA50-D5658F5B1555}.Release|iPhoneSimulator.Build.0 = Release|Any CPU
		{F7DA7115-BF70-4F88-AA50-D5658F5B1555}.Release|iPhoneSimulator.Deploy.0 = Release|Any CPU
		{F7DA7115-BF70-4F88-AA50-D5658F5B1555}.Release|x64.ActiveCfg = Release|Any CPU
		{F7DA7115-BF70-4F88-AA50-D5658F5B1555}.Release|x64.Build.0 = Release|Any CPU
		{F7DA7115-BF70-4F88-AA50-D5658F5B1555}.Release|x64.Deploy.0 = Release|Any CPU
		{F7DA7115-BF70-4F88-AA50-D5658F5B1555}.Release|x86.ActiveCfg = Release|x86
		{F7DA7115-BF70-4F88-AA50-D5658F5B1555}.Release|x86.Build.0 = Release|x86
		{F7DA7115-BF70-4F88-AA50-D5658F5B1555}.Release|x86.Deploy.0 = Release|x86
		{9F6FA8C0-AF1F-423C-AEBB-6B211E44771E}.Ad-Hoc|Any CPU.ActiveCfg = Release|x64
		{9F6FA8C0-AF1F-423C-AEBB-6B211E44771E}.Ad-Hoc|Any CPU.Build.0 = Release|x64
		{9F6FA8C0-AF1F-423C-AEBB-6B211E44771E}.Ad-Hoc|Any CPU.Deploy.0 = Release|x64
		{9F6FA8C0-AF1F-423C-AEBB-6B211E44771E}.Ad-Hoc|ARM.ActiveCfg = Release|ARM
		{9F6FA8C0-AF1F-423C-AEBB-6B211E44771E}.Ad-Hoc|ARM.Build.0 = Release|ARM
		{9F6FA8C0-AF1F-423C-AEBB-6B211E44771E}.Ad-Hoc|ARM.Deploy.0 = Release|ARM
		{9F6FA8C0-AF1F-423C-AEBB-6B211E44771E}.Ad-Hoc|iPhone.ActiveCfg = Release|x64
		{9F6FA8C0-AF1F-423C-AEBB-6B211E44771E}.Ad-Hoc|iPhone.Build.0 = Release|x64
		{9F6FA8C0-AF1F-423C-AEBB-6B211E44771E}.Ad-Hoc|iPhone.Deploy.0 = Release|x64
		{9F6FA8C0-AF1F-423C-AEBB-6B211E44771E}.Ad-Hoc|iPhoneSimulator.ActiveCfg = Release|x64
		{9F6FA8C0-AF1F-423C-AEBB-6B211E44771E}.Ad-Hoc|iPhoneSimulator.Build.0 = Release|x64
		{9F6FA8C0-AF1F-423C-AEBB-6B211E44771E}.Ad-Hoc|iPhoneSimulator.Deploy.0 = Release|x64
		{9F6FA8C0-AF1F-423C-AEBB-6B211E44771E}.Ad-Hoc|x64.ActiveCfg = Release|x64
		{9F6FA8C0-AF1F-423C-AEBB-6B211E44771E}.Ad-Hoc|x64.Build.0 = Release|x64
		{9F6FA8C0-AF1F-423C-AEBB-6B211E44771E}.Ad-Hoc|x64.Deploy.0 = Release|x64
		{9F6FA8C0-AF1F-423C-AEBB-6B211E44771E}.Ad-Hoc|x86.ActiveCfg = Release|x86
		{9F6FA8C0-AF1F-423C-AEBB-6B211E44771E}.Ad-Hoc|x86.Build.0 = Release|x86
		{9F6FA8C0-AF1F-423C-AEBB-6B211E44771E}.Ad-Hoc|x86.Deploy.0 = Release|x86
		{9F6FA8C0-AF1F-423C-AEBB-6B211E44771E}.AppStore|Any CPU.ActiveCfg = Release|x64
		{9F6FA8C0-AF1F-423C-AEBB-6B211E44771E}.AppStore|Any CPU.Build.0 = Release|x64
		{9F6FA8C0-AF1F-423C-AEBB-6B211E44771E}.AppStore|Any CPU.Deploy.0 = Release|x64
		{9F6FA8C0-AF1F-423C-AEBB-6B211E44771E}.AppStore|ARM.ActiveCfg = Release|ARM
		{9F6FA8C0-AF1F-423C-AEBB-6B211E44771E}.AppStore|ARM.Build.0 = Release|ARM
		{9F6FA8C0-AF1F-423C-AEBB-6B211E44771E}.AppStore|ARM.Deploy.0 = Release|ARM
		{9F6FA8C0-AF1F-423C-AEBB-6B211E44771E}.AppStore|iPhone.ActiveCfg = Release|x64
		{9F6FA8C0-AF1F-423C-AEBB-6B211E44771E}.AppStore|iPhone.Build.0 = Release|x64
		{9F6FA8C0-AF1F-423C-AEBB-6B211E44771E}.AppStore|iPhone.Deploy.0 = Release|x64
		{9F6FA8C0-AF1F-423C-AEBB-6B211E44771E}.AppStore|iPhoneSimulator.ActiveCfg = Release|x64
		{9F6FA8C0-AF1F-423C-AEBB-6B211E44771E}.AppStore|iPhoneSimulator.Build.0 = Release|x64
		{9F6FA8C0-AF1F-423C-AEBB-6B211E44771E}.AppStore|iPhoneSimulator.Deploy.0 = Release|x64
		{9F6FA8C0-AF1F-423C-AEBB-6B211E44771E}.AppStore|x64.ActiveCfg = Release|x64
		{9F6FA8C0-AF1F-423C-AEBB-6B211E44771E}.AppStore|x64.Build.0 = Release|x64
		{9F6FA8C0-AF1F-423C-AEBB-6B211E44771E}.AppStore|x64.Deploy.0 = Release|x64
		{9F6FA8C0-AF1F-423C-AEBB-6B211E44771E}.AppStore|x86.ActiveCfg = Release|x86
		{9F6FA8C0-AF1F-423C-AEBB-6B211E44771E}.AppStore|x86.Build.0 = Release|x86
		{9F6FA8C0-AF1F-423C-AEBB-6B211E44771E}.AppStore|x86.Deploy.0 = Release|x86
		{9F6FA8C0-AF1F-423C-AEBB-6B211E44771E}.Debug|Any CPU.ActiveCfg = Debug|x86
		{9F6FA8C0-AF1F-423C-AEBB-6B211E44771E}.Debug|ARM.ActiveCfg = Debug|ARM
		{9F6FA8C0-AF1F-423C-AEBB-6B211E44771E}.Debug|ARM.Build.0 = Debug|ARM
		{9F6FA8C0-AF1F-423C-AEBB-6B211E44771E}.Debug|ARM.Deploy.0 = Debug|ARM
		{9F6FA8C0-AF1F-423C-AEBB-6B211E44771E}.Debug|iPhone.ActiveCfg = Debug|x86
		{9F6FA8C0-AF1F-423C-AEBB-6B211E44771E}.Debug|iPhoneSimulator.ActiveCfg = Debug|x86
		{9F6FA8C0-AF1F-423C-AEBB-6B211E44771E}.Debug|x64.ActiveCfg = Debug|x64
		{9F6FA8C0-AF1F-423C-AEBB-6B211E44771E}.Debug|x64.Build.0 = Debug|x64
		{9F6FA8C0-AF1F-423C-AEBB-6B211E44771E}.Debug|x64.Deploy.0 = Debug|x64
		{9F6FA8C0-AF1F-423C-AEBB-6B211E44771E}.Debug|x86.ActiveCfg = Debug|x86
		{9F6FA8C0-AF1F-423C-AEBB-6B211E44771E}.Debug|x86.Build.0 = Debug|x86
		{9F6FA8C0-AF1F-423C-AEBB-6B211E44771E}.Debug|x86.Deploy.0 = Debug|x86
		{9F6FA8C0-AF1F-423C-AEBB-6B211E44771E}.Release|Any CPU.ActiveCfg = Release|x86
		{9F6FA8C0-AF1F-423C-AEBB-6B211E44771E}.Release|Any CPU.Build.0 = Release|x86
		{9F6FA8C0-AF1F-423C-AEBB-6B211E44771E}.Release|Any CPU.Deploy.0 = Release|x86
		{9F6FA8C0-AF1F-423C-AEBB-6B211E44771E}.Release|ARM.ActiveCfg = Release|ARM
		{9F6FA8C0-AF1F-423C-AEBB-6B211E44771E}.Release|ARM.Build.0 = Release|ARM
		{9F6FA8C0-AF1F-423C-AEBB-6B211E44771E}.Release|ARM.Deploy.0 = Release|ARM
		{9F6FA8C0-AF1F-423C-AEBB-6B211E44771E}.Release|iPhone.ActiveCfg = Release|x86
		{9F6FA8C0-AF1F-423C-AEBB-6B211E44771E}.Release|iPhoneSimulator.ActiveCfg = Release|x86
		{9F6FA8C0-AF1F-423C-AEBB-6B211E44771E}.Release|x64.ActiveCfg = Release|x64
		{9F6FA8C0-AF1F-423C-AEBB-6B211E44771E}.Release|x64.Build.0 = Release|x64
		{9F6FA8C0-AF1F-423C-AEBB-6B211E44771E}.Release|x64.Deploy.0 = Release|x64
		{9F6FA8C0-AF1F-423C-AEBB-6B211E44771E}.Release|x86.ActiveCfg = Release|x86
		{9F6FA8C0-AF1F-423C-AEBB-6B211E44771E}.Release|x86.Build.0 = Release|x86
		{9F6FA8C0-AF1F-423C-AEBB-6B211E44771E}.Release|x86.Deploy.0 = Release|x86
		{35EAF518-E4DA-48A1-9681-6C52E7B3CF61}.Ad-Hoc|Any CPU.ActiveCfg = Ad-Hoc|iPhone
		{35EAF518-E4DA-48A1-9681-6C52E7B3CF61}.Ad-Hoc|ARM.ActiveCfg = Ad-Hoc|iPhone
		{35EAF518-E4DA-48A1-9681-6C52E7B3CF61}.Ad-Hoc|iPhone.ActiveCfg = Ad-Hoc|iPhone
		{35EAF518-E4DA-48A1-9681-6C52E7B3CF61}.Ad-Hoc|iPhone.Build.0 = Ad-Hoc|iPhone
		{35EAF518-E4DA-48A1-9681-6C52E7B3CF61}.Ad-Hoc|iPhoneSimulator.ActiveCfg = Ad-Hoc|iPhoneSimulator
		{35EAF518-E4DA-48A1-9681-6C52E7B3CF61}.Ad-Hoc|iPhoneSimulator.Build.0 = Ad-Hoc|iPhoneSimulator
		{35EAF518-E4DA-48A1-9681-6C52E7B3CF61}.Ad-Hoc|x64.ActiveCfg = Ad-Hoc|iPhone
		{35EAF518-E4DA-48A1-9681-6C52E7B3CF61}.Ad-Hoc|x86.ActiveCfg = Ad-Hoc|iPhone
		{35EAF518-E4DA-48A1-9681-6C52E7B3CF61}.AppStore|Any CPU.ActiveCfg = AppStore|iPhone
		{35EAF518-E4DA-48A1-9681-6C52E7B3CF61}.AppStore|ARM.ActiveCfg = AppStore|iPhone
		{35EAF518-E4DA-48A1-9681-6C52E7B3CF61}.AppStore|iPhone.ActiveCfg = AppStore|iPhone
		{35EAF518-E4DA-48A1-9681-6C52E7B3CF61}.AppStore|iPhone.Build.0 = AppStore|iPhone
		{35EAF518-E4DA-48A1-9681-6C52E7B3CF61}.AppStore|iPhoneSimulator.ActiveCfg = AppStore|iPhoneSimulator
		{35EAF518-E4DA-48A1-9681-6C52E7B3CF61}.AppStore|iPhoneSimulator.Build.0 = AppStore|iPhoneSimulator
		{35EAF518-E4DA-48A1-9681-6C52E7B3CF61}.AppStore|x64.ActiveCfg = AppStore|iPhone
		{35EAF518-E4DA-48A1-9681-6C52E7B3CF61}.AppStore|x86.ActiveCfg = AppStore|iPhone
		{35EAF518-E4DA-48A1-9681-6C52E7B3CF61}.Debug|Any CPU.ActiveCfg = Debug|iPhone
		{35EAF518-E4DA-48A1-9681-6C52E7B3CF61}.Debug|ARM.ActiveCfg = Debug|iPhone
		{35EAF518-E4DA-48A1-9681-6C52E7B3CF61}.Debug|iPhone.ActiveCfg = Debug|iPhone
		{35EAF518-E4DA-48A1-9681-6C52E7B3CF61}.Debug|iPhone.Build.0 = Debug|iPhone
		{35EAF518-E4DA-48A1-9681-6C52E7B3CF61}.Debug|iPhoneSimulator.ActiveCfg = Debug|iPhoneSimulator
		{35EAF518-E4DA-48A1-9681-6C52E7B3CF61}.Debug|iPhoneSimulator.Build.0 = Debug|iPhoneSimulator
		{35EAF518-E4DA-48A1-9681-6C52E7B3CF61}.Debug|x64.ActiveCfg = Debug|iPhone
		{35EAF518-E4DA-48A1-9681-6C52E7B3CF61}.Debug|x86.ActiveCfg = Debug|iPhone
		{35EAF518-E4DA-48A1-9681-6C52E7B3CF61}.Release|Any CPU.ActiveCfg = Release|iPhone
		{35EAF518-E4DA-48A1-9681-6C52E7B3CF61}.Release|ARM.ActiveCfg = Release|iPhone
		{35EAF518-E4DA-48A1-9681-6C52E7B3CF61}.Release|iPhone.ActiveCfg = Release|iPhone
		{35EAF518-E4DA-48A1-9681-6C52E7B3CF61}.Release|iPhone.Build.0 = Release|iPhone
		{35EAF518-E4DA-48A1-9681-6C52E7B3CF61}.Release|iPhoneSimulator.ActiveCfg = Release|iPhoneSimulator
		{35EAF518-E4DA-48A1-9681-6C52E7B3CF61}.Release|iPhoneSimulator.Build.0 = Release|iPhoneSimulator
		{35EAF518-E4DA-48A1-9681-6C52E7B3CF61}.Release|x64.ActiveCfg = Release|iPhone
		{35EAF518-E4DA-48A1-9681-6C52E7B3CF61}.Release|x86.ActiveCfg = Release|iPhone
		{4A5B8A62-9110-42B3-8996-DF181B102D7B}.Ad-Hoc|Any CPU.ActiveCfg = Release|Any CPU
		{4A5B8A62-9110-42B3-8996-DF181B102D7B}.Ad-Hoc|Any CPU.Build.0 = Release|Any CPU
		{4A5B8A62-9110-42B3-8996-DF181B102D7B}.Ad-Hoc|Any CPU.Deploy.0 = Release|Any CPU
		{4A5B8A62-9110-42B3-8996-DF181B102D7B}.Ad-Hoc|ARM.ActiveCfg = Release|ARM
		{4A5B8A62-9110-42B3-8996-DF181B102D7B}.Ad-Hoc|ARM.Build.0 = Release|ARM
		{4A5B8A62-9110-42B3-8996-DF181B102D7B}.Ad-Hoc|ARM.Deploy.0 = Release|ARM
		{4A5B8A62-9110-42B3-8996-DF181B102D7B}.Ad-Hoc|iPhone.ActiveCfg = Release|Any CPU
		{4A5B8A62-9110-42B3-8996-DF181B102D7B}.Ad-Hoc|iPhone.Build.0 = Release|Any CPU
		{4A5B8A62-9110-42B3-8996-DF181B102D7B}.Ad-Hoc|iPhone.Deploy.0 = Release|Any CPU
		{4A5B8A62-9110-42B3-8996-DF181B102D7B}.Ad-Hoc|iPhoneSimulator.ActiveCfg = Release|Any CPU
		{4A5B8A62-9110-42B3-8996-DF181B102D7B}.Ad-Hoc|iPhoneSimulator.Build.0 = Release|Any CPU
		{4A5B8A62-9110-42B3-8996-DF181B102D7B}.Ad-Hoc|iPhoneSimulator.Deploy.0 = Release|Any CPU
		{4A5B8A62-9110-42B3-8996-DF181B102D7B}.Ad-Hoc|x64.ActiveCfg = Release|Any CPU
		{4A5B8A62-9110-42B3-8996-DF181B102D7B}.Ad-Hoc|x64.Build.0 = Release|Any CPU
		{4A5B8A62-9110-42B3-8996-DF181B102D7B}.Ad-Hoc|x64.Deploy.0 = Release|Any CPU
		{4A5B8A62-9110-42B3-8996-DF181B102D7B}.Ad-Hoc|x86.ActiveCfg = Release|x86
		{4A5B8A62-9110-42B3-8996-DF181B102D7B}.Ad-Hoc|x86.Build.0 = Release|x86
		{4A5B8A62-9110-42B3-8996-DF181B102D7B}.Ad-Hoc|x86.Deploy.0 = Release|x86
		{4A5B8A62-9110-42B3-8996-DF181B102D7B}.AppStore|Any CPU.ActiveCfg = Release|Any CPU
		{4A5B8A62-9110-42B3-8996-DF181B102D7B}.AppStore|Any CPU.Build.0 = Release|Any CPU
		{4A5B8A62-9110-42B3-8996-DF181B102D7B}.AppStore|Any CPU.Deploy.0 = Release|Any CPU
		{4A5B8A62-9110-42B3-8996-DF181B102D7B}.AppStore|ARM.ActiveCfg = Release|ARM
		{4A5B8A62-9110-42B3-8996-DF181B102D7B}.AppStore|ARM.Build.0 = Release|ARM
		{4A5B8A62-9110-42B3-8996-DF181B102D7B}.AppStore|ARM.Deploy.0 = Release|ARM
		{4A5B8A62-9110-42B3-8996-DF181B102D7B}.AppStore|iPhone.ActiveCfg = Release|Any CPU
		{4A5B8A62-9110-42B3-8996-DF181B102D7B}.AppStore|iPhone.Build.0 = Release|Any CPU
		{4A5B8A62-9110-42B3-8996-DF181B102D7B}.AppStore|iPhone.Deploy.0 = Release|Any CPU
		{4A5B8A62-9110-42B3-8996-DF181B102D7B}.AppStore|iPhoneSimulator.ActiveCfg = Release|Any CPU
		{4A5B8A62-9110-42B3-8996-DF181B102D7B}.AppStore|iPhoneSimulator.Build.0 = Release|Any CPU
		{4A5B8A62-9110-42B3-8996-DF181B102D7B}.AppStore|iPhoneSimulator.Deploy.0 = Release|Any CPU
		{4A5B8A62-9110-42B3-8996-DF181B102D7B}.AppStore|x64.ActiveCfg = Release|Any CPU
		{4A5B8A62-9110-42B3-8996-DF181B102D7B}.AppStore|x64.Build.0 = Release|Any CPU
		{4A5B8A62-9110-42B3-8996-DF181B102D7B}.AppStore|x64.Deploy.0 = Release|Any CPU
		{4A5B8A62-9110-42B3-8996-DF181B102D7B}.AppStore|x86.ActiveCfg = Release|x86
		{4A5B8A62-9110-42B3-8996-DF181B102D7B}.AppStore|x86.Build.0 = Release|x86
		{4A5B8A62-9110-42B3-8996-DF181B102D7B}.AppStore|x86.Deploy.0 = Release|x86
		{4A5B8A62-9110-42B3-8996-DF181B102D7B}.Debug|Any CPU.ActiveCfg = Debug|Any CPU
		{4A5B8A62-9110-42B3-8996-DF181B102D7B}.Debug|Any CPU.Build.0 = Debug|Any CPU
		{4A5B8A62-9110-42B3-8996-DF181B102D7B}.Debug|Any CPU.Deploy.0 = Debug|Any CPU
		{4A5B8A62-9110-42B3-8996-DF181B102D7B}.Debug|ARM.ActiveCfg = Debug|ARM
		{4A5B8A62-9110-42B3-8996-DF181B102D7B}.Debug|ARM.Build.0 = Debug|ARM
		{4A5B8A62-9110-42B3-8996-DF181B102D7B}.Debug|ARM.Deploy.0 = Debug|ARM
		{4A5B8A62-9110-42B3-8996-DF181B102D7B}.Debug|iPhone.ActiveCfg = Debug|Any CPU
		{4A5B8A62-9110-42B3-8996-DF181B102D7B}.Debug|iPhone.Build.0 = Debug|Any CPU
		{4A5B8A62-9110-42B3-8996-DF181B102D7B}.Debug|iPhone.Deploy.0 = Debug|Any CPU
		{4A5B8A62-9110-42B3-8996-DF181B102D7B}.Debug|iPhoneSimulator.ActiveCfg = Debug|Any CPU
		{4A5B8A62-9110-42B3-8996-DF181B102D7B}.Debug|iPhoneSimulator.Build.0 = Debug|Any CPU
		{4A5B8A62-9110-42B3-8996-DF181B102D7B}.Debug|iPhoneSimulator.Deploy.0 = Debug|Any CPU
		{4A5B8A62-9110-42B3-8996-DF181B102D7B}.Debug|x64.ActiveCfg = Debug|Any CPU
		{4A5B8A62-9110-42B3-8996-DF181B102D7B}.Debug|x64.Build.0 = Debug|Any CPU
		{4A5B8A62-9110-42B3-8996-DF181B102D7B}.Debug|x64.Deploy.0 = Debug|Any CPU
		{4A5B8A62-9110-42B3-8996-DF181B102D7B}.Debug|x86.ActiveCfg = Debug|x86
		{4A5B8A62-9110-42B3-8996-DF181B102D7B}.Debug|x86.Build.0 = Debug|x86
		{4A5B8A62-9110-42B3-8996-DF181B102D7B}.Debug|x86.Deploy.0 = Debug|x86
		{4A5B8A62-9110-42B3-8996-DF181B102D7B}.Release|Any CPU.ActiveCfg = Release|Any CPU
		{4A5B8A62-9110-42B3-8996-DF181B102D7B}.Release|Any CPU.Build.0 = Release|Any CPU
		{4A5B8A62-9110-42B3-8996-DF181B102D7B}.Release|Any CPU.Deploy.0 = Release|Any CPU
		{4A5B8A62-9110-42B3-8996-DF181B102D7B}.Release|ARM.ActiveCfg = Release|ARM
		{4A5B8A62-9110-42B3-8996-DF181B102D7B}.Release|ARM.Build.0 = Release|ARM
		{4A5B8A62-9110-42B3-8996-DF181B102D7B}.Release|ARM.Deploy.0 = Release|ARM
		{4A5B8A62-9110-42B3-8996-DF181B102D7B}.Release|iPhone.ActiveCfg = Release|Any CPU
		{4A5B8A62-9110-42B3-8996-DF181B102D7B}.Release|iPhone.Build.0 = Release|Any CPU
		{4A5B8A62-9110-42B3-8996-DF181B102D7B}.Release|iPhone.Deploy.0 = Release|Any CPU
		{4A5B8A62-9110-42B3-8996-DF181B102D7B}.Release|iPhoneSimulator.ActiveCfg = Release|Any CPU
		{4A5B8A62-9110-42B3-8996-DF181B102D7B}.Release|iPhoneSimulator.Build.0 = Release|Any CPU
		{4A5B8A62-9110-42B3-8996-DF181B102D7B}.Release|iPhoneSimulator.Deploy.0 = Release|Any CPU
		{4A5B8A62-9110-42B3-8996-DF181B102D7B}.Release|x64.ActiveCfg = Release|Any CPU
		{4A5B8A62-9110-42B3-8996-DF181B102D7B}.Release|x64.Build.0 = Release|Any CPU
		{4A5B8A62-9110-42B3-8996-DF181B102D7B}.Release|x64.Deploy.0 = Release|Any CPU
		{4A5B8A62-9110-42B3-8996-DF181B102D7B}.Release|x86.ActiveCfg = Release|x86
		{4A5B8A62-9110-42B3-8996-DF181B102D7B}.Release|x86.Build.0 = Release|x86
		{4A5B8A62-9110-42B3-8996-DF181B102D7B}.Release|x86.Deploy.0 = Release|x86
	EndGlobalSection
	GlobalSection(SolutionProperties) = preSolution
		HideSolutionNode = FALSE
	EndGlobalSection
EndGlobal
