
Microsoft Visual Studio Solution File, Format Version 12.00
# Visual Studio 15
Project("{FAE04EC0-301F-11D3-BF4B-00C04F79EFBC}") = "mactest", "mactest.csproj", "{17DBCC63-A9F0-46BD-8823-0B4703249B48}"
EndProject
Global
	GlobalSection(SolutionConfigurationPlatforms) = preSolution
		Debug|x86 = Debug|x86
		Release|x86 = Release|x86
	EndGlobalSection
	GlobalSection(ProjectConfigurationPlatforms) = postSolution
		{17DBCC63-A9F0-46BD-8823-0B4703249B48}.Debug|x86.ActiveCfg = Debug|x86
		{17DBCC63-A9F0-46BD-8823-0B4703249B48}.Debug|x86.Build.0 = Debug|x86
		{17DBCC63-A9F0-46BD-8823-0B4703249B48}.Release|x86.ActiveCfg = Release|x86
		{17DBCC63-A9F0-46BD-8823-0B4703249B48}.Release|x86.Build.0 = Release|x86
	EndGlobalSection
EndGlobal
